
Microsoft Visual Studio Solution File, Format Version 11.00
# Visual Studio 2010
Project("{FAE04EC0-301F-11D3-BF4B-00C04F79EFBC}") = "Assembly-CSharp", "Assembly-CSharp.csproj", "{fa515a42-dcea-4e7e-8ad9-8284d4e440e3}"
EndProject
Project("{FAE04EC0-301F-11D3-BF4B-00C04F79EFBC}") = "Assembly-CSharp-firstpass", "Assembly-CSharp-firstpass.csproj", "{7b9b0d59-dc3c-eb25-a55f-b03d882a6158}"
EndProject
Project("{FAE04EC0-301F-11D3-BF4B-00C04F79EFBC}") = "Assembly-CSharp-Editor", "Assembly-CSharp-Editor.csproj", "{7ad726dc-b287-d373-1129-6dbf50ea3297}"
EndProject
Global
	GlobalSection(SolutionConfigurationPlatforms) = preSolution
		Debug|Any CPU = Debug|Any CPU
		Release|Any CPU = Release|Any CPU
	EndGlobalSection
	GlobalSection(ProjectConfigurationPlatforms) = postSolution
		{fa515a42-dcea-4e7e-8ad9-8284d4e440e3}.Debug|Any CPU.ActiveCfg = Debug|Any CPU
		{fa515a42-dcea-4e7e-8ad9-8284d4e440e3}.Debug|Any CPU.Build.0 = Debug|Any CPU
		{fa515a42-dcea-4e7e-8ad9-8284d4e440e3}.Release|Any CPU.ActiveCfg = Release|Any CPU
		{fa515a42-dcea-4e7e-8ad9-8284d4e440e3}.Release|Any CPU.Build.0 = Release|Any CPU
		{7b9b0d59-dc3c-eb25-a55f-b03d882a6158}.Debug|Any CPU.ActiveCfg = Debug|Any CPU
		{7b9b0d59-dc3c-eb25-a55f-b03d882a6158}.Debug|Any CPU.Build.0 = Debug|Any CPU
		{7b9b0d59-dc3c-eb25-a55f-b03d882a6158}.Release|Any CPU.ActiveCfg = Release|Any CPU
		{7b9b0d59-dc3c-eb25-a55f-b03d882a6158}.Release|Any CPU.Build.0 = Release|Any CPU
		{7ad726dc-b287-d373-1129-6dbf50ea3297}.Debug|Any CPU.ActiveCfg = Debug|Any CPU
		{7ad726dc-b287-d373-1129-6dbf50ea3297}.Debug|Any CPU.Build.0 = Debug|Any CPU
		{7ad726dc-b287-d373-1129-6dbf50ea3297}.Release|Any CPU.ActiveCfg = Release|Any CPU
		{7ad726dc-b287-d373-1129-6dbf50ea3297}.Release|Any CPU.Build.0 = Release|Any CPU
	EndGlobalSection
	GlobalSection(SolutionProperties) = preSolution
		HideSolutionNode = FALSE
	EndGlobalSection
EndGlobal
